
Microsoft Visual Studio Solution File, Format Version 12.00
# Visual Studio Version 17
VisualStudioVersion = 17.14.36518.9 d17.14
MinimumVisualStudioVersion = 10.0.40219.1
Project("{FAE04EC0-301F-11D3-BF4B-00C04F79EFBC}") = "TKA_Adhocdatasource", "TKA_Adhocdatasource\TKA_Adhocdatasource.csproj", "{7F725744-0BBF-418C-ABE8-9DE9F3C22C1F}"
EndProject
Project("{2150E333-8FDC-42A3-9474-1A3956D46DE8}") = "Internal", "Internal", "{02EA681E-C7D8-13C7-8484-4AC65E1B71E8}"
EndProject
Project("{2150E333-8FDC-42A3-9474-1A3956D46DE8}") = "Code Analysis", "Code Analysis", "{0FBEE400-627D-4D60-BF43-0E9950227FFD}"
	ProjectSection(SolutionItems) = preProject
		Internal\Code Analysis\qaction-debug.ruleset = Internal\Code Analysis\qaction-debug.ruleset
		Internal\Code Analysis\qaction-release.ruleset = Internal\Code Analysis\qaction-release.ruleset
		Internal\Code Analysis\stylecop.json = Internal\Code Analysis\stylecop.json
	EndProjectSection
EndProject
Global
	GlobalSection(SolutionConfigurationPlatforms) = preSolution
		Debug|Any CPU = Debug|Any CPU
		Release|Any CPU = Release|Any CPU
	EndGlobalSection
	GlobalSection(ProjectConfigurationPlatforms) = postSolution
		{7F725744-0BBF-418C-ABE8-9DE9F3C22C1F}.Debug|Any CPU.ActiveCfg = Debug|Any CPU
		{7F725744-0BBF-418C-ABE8-9DE9F3C22C1F}.Debug|Any CPU.Build.0 = Debug|Any CPU
		{7F725744-0BBF-418C-ABE8-9DE9F3C22C1F}.Release|Any CPU.ActiveCfg = Release|Any CPU
		{7F725744-0BBF-418C-ABE8-9DE9F3C22C1F}.Release|Any CPU.Build.0 = Release|Any CPU
	EndGlobalSection
	GlobalSection(SolutionProperties) = preSolution
		HideSolutionNode = FALSE
	EndGlobalSection
	GlobalSection(NestedProjects) = preSolution
		{0FBEE400-627D-4D60-BF43-0E9950227FFD} = {02EA681E-C7D8-13C7-8484-4AC65E1B71E8}
	EndGlobalSection
	GlobalSection(ExtensibilityGlobals) = postSolution
		SolutionGuid = {C40254FA-B6A9-4089-B86D-18B6F1F14B64}
	EndGlobalSection
EndGlobal
